
Microsoft Visual Studio Solution File, Format Version 12.00
# Visual Studio Version 16
VisualStudioVersion = 16.0.31019.35
MinimumVisualStudioVersion = 10.0.40219.1
Project("{FAE04EC0-301F-11D3-BF4B-00C04F79EFBC}") = "TokenTest", "TokenTest\TokenTest.csproj", "{71A095F3-FD01-4043-B1E8-6E4C7ABD4738}"
EndProject
Global
	GlobalSection(SolutionConfigurationPlatforms) = preSolution
		Debug|Any CPU = Debug|Any CPU
		Release|Any CPU = Release|Any CPU
	EndGlobalSection
	GlobalSection(ProjectConfigurationPlatforms) = postSolution
		{71A095F3-FD01-4043-B1E8-6E4C7ABD4738}.Debug|Any CPU.ActiveCfg = Debug|Any CPU
		{71A095F3-FD01-4043-B1E8-6E4C7ABD4738}.Debug|Any CPU.Build.0 = Debug|Any CPU
		{71A095F3-FD01-4043-B1E8-6E4C7ABD4738}.Release|Any CPU.ActiveCfg = Release|Any CPU
		{71A095F3-FD01-4043-B1E8-6E4C7ABD4738}.Release|Any CPU.Build.0 = Release|Any CPU
	EndGlobalSection
	GlobalSection(SolutionProperties) = preSolution
		HideSolutionNode = FALSE
	EndGlobalSection
	GlobalSection(ExtensibilityGlobals) = postSolution
		SolutionGuid = {D224D203-132E-4F29-AE58-80D1C2B1461A}
	EndGlobalSection
EndGlobal
